
Microsoft Visual Studio Solution File, Format Version 12.00
# Visual Studio Version 17
VisualStudioVersion = 17.5.33516.290
MinimumVisualStudioVersion = 10.0.40219.1
Project("{FAE04EC0-301F-11D3-BF4B-00C04F79EFBC}") = "A", "A\A.csproj", "{2A5BCED2-3514-4976-9BAA-015C2CD80D15}"
EndProject
Project("{FAE04EC0-301F-11D3-BF4B-00C04F79EFBC}") = "B_b", "B_b\B_b.csproj", "{0D41B6E6-FC43-47AB-B09E-B18F126475B5}"
EndProject
Project("{FAE04EC0-301F-11D3-BF4B-00C04F79EFBC}") = "C", "C\C.csproj", "{D64C479A-53C2-4D9D-8F71-1704532456D2}"
EndProject
Global
	GlobalSection(SolutionConfigurationPlatforms) = preSolution
		Debug|Any CPU = Debug|Any CPU
		Release|Any CPU = Release|Any CPU
	EndGlobalSection
	GlobalSection(ProjectConfigurationPlatforms) = postSolution
		{2A5BCED2-3514-4976-9BAA-015C2CD80D15}.Debug|Any CPU.ActiveCfg = Debug|Any CPU
		{2A5BCED2-3514-4976-9BAA-015C2CD80D15}.Debug|Any CPU.Build.0 = Debug|Any CPU
		{2A5BCED2-3514-4976-9BAA-015C2CD80D15}.Release|Any CPU.ActiveCfg = Release|Any CPU
		{2A5BCED2-3514-4976-9BAA-015C2CD80D15}.Release|Any CPU.Build.0 = Release|Any CPU
		{0D41B6E6-FC43-47AB-B09E-B18F126475B5}.Debug|Any CPU.ActiveCfg = Debug|Any CPU
		{0D41B6E6-FC43-47AB-B09E-B18F126475B5}.Debug|Any CPU.Build.0 = Debug|Any CPU
		{0D41B6E6-FC43-47AB-B09E-B18F126475B5}.Release|Any CPU.ActiveCfg = Release|Any CPU
		{0D41B6E6-FC43-47AB-B09E-B18F126475B5}.Release|Any CPU.Build.0 = Release|Any CPU
		{D64C479A-53C2-4D9D-8F71-1704532456D2}.Debug|Any CPU.ActiveCfg = Debug|Any CPU
		{D64C479A-53C2-4D9D-8F71-1704532456D2}.Debug|Any CPU.Build.0 = Debug|Any CPU
		{D64C479A-53C2-4D9D-8F71-1704532456D2}.Release|Any CPU.ActiveCfg = Release|Any CPU
		{D64C479A-53C2-4D9D-8F71-1704532456D2}.Release|Any CPU.Build.0 = Release|Any CPU
	EndGlobalSection
	GlobalSection(SolutionProperties) = preSolution
		HideSolutionNode = FALSE
	EndGlobalSection
	GlobalSection(ExtensibilityGlobals) = postSolution
		SolutionGuid = {FB77FAFF-FB1D-41D8-9DBE-91ABA07BBBCF}
	EndGlobalSection
EndGlobal
